
Microsoft Visual Studio Solution File, Format Version 12.00
# Visual Studio Version 17
VisualStudioVersion = 17.7.34202.233
MinimumVisualStudioVersion = 10.0.40219.1
Project("{FAE04EC0-301F-11D3-BF4B-00C04F79EFBC}") = "Database", "Database\Database.csproj", "{102EB2D8-CF41-4850-85EE-EBF5B65D754B}"
EndProject
Project("{FAE04EC0-301F-11D3-BF4B-00C04F79EFBC}") = "AdminPanel", "AdminPanel\AdminPanel.csproj", "{2D9A593C-13BD-42E0-83DC-1A89A35CA2B4}"
	ProjectSection(ProjectDependencies) = postProject
		{102EB2D8-CF41-4850-85EE-EBF5B65D754B} = {102EB2D8-CF41-4850-85EE-EBF5B65D754B}
	EndProjectSection
EndProject
Global
	GlobalSection(SolutionConfigurationPlatforms) = preSolution
		Debug|Any CPU = Debug|Any CPU
		Release|Any CPU = Release|Any CPU
	EndGlobalSection
	GlobalSection(ProjectConfigurationPlatforms) = postSolution
		{102EB2D8-CF41-4850-85EE-EBF5B65D754B}.Debug|Any CPU.ActiveCfg = Debug|Any CPU
		{102EB2D8-CF41-4850-85EE-EBF5B65D754B}.Debug|Any CPU.Build.0 = Debug|Any CPU
		{102EB2D8-CF41-4850-85EE-EBF5B65D754B}.Release|Any CPU.ActiveCfg = Release|Any CPU
		{102EB2D8-CF41-4850-85EE-EBF5B65D754B}.Release|Any CPU.Build.0 = Release|Any CPU
		{2D9A593C-13BD-42E0-83DC-1A89A35CA2B4}.Debug|Any CPU.ActiveCfg = Debug|Any CPU
		{2D9A593C-13BD-42E0-83DC-1A89A35CA2B4}.Debug|Any CPU.Build.0 = Debug|Any CPU
		{2D9A593C-13BD-42E0-83DC-1A89A35CA2B4}.Release|Any CPU.ActiveCfg = Release|Any CPU
		{2D9A593C-13BD-42E0-83DC-1A89A35CA2B4}.Release|Any CPU.Build.0 = Release|Any CPU
	EndGlobalSection
	GlobalSection(SolutionProperties) = preSolution
		HideSolutionNode = FALSE
	EndGlobalSection
	GlobalSection(ExtensibilityGlobals) = postSolution
		SolutionGuid = {53C37128-F538-475A-8EE1-43A781D446C6}
	EndGlobalSection
EndGlobal
